
Microsoft Visual Studio Solution File, Format Version 12.00
# Visual Studio Version 16
VisualStudioVersion = 16.0.31729.503
MinimumVisualStudioVersion = 10.0.40219.1
Project("{FAE04EC0-301F-11D3-BF4B-00C04F79EFBC}") = "PrjEcoGardenFoodStuff", "PrjEcoGardenFoodStuff\PrjEcoGardenFoodStuff.csproj", "{C6C2A847-A783-4484-95CC-ED491C8FB439}"
EndProject
Global
	GlobalSection(SolutionConfigurationPlatforms) = preSolution
		Debug|Any CPU = Debug|Any CPU
		Release|Any CPU = Release|Any CPU
	EndGlobalSection
	GlobalSection(ProjectConfigurationPlatforms) = postSolution
		{C6C2A847-A783-4484-95CC-ED491C8FB439}.Debug|Any CPU.ActiveCfg = Debug|Any CPU
		{C6C2A847-A783-4484-95CC-ED491C8FB439}.Debug|Any CPU.Build.0 = Debug|Any CPU
		{C6C2A847-A783-4484-95CC-ED491C8FB439}.Release|Any CPU.ActiveCfg = Release|Any CPU
		{C6C2A847-A783-4484-95CC-ED491C8FB439}.Release|Any CPU.Build.0 = Release|Any CPU
	EndGlobalSection
	GlobalSection(SolutionProperties) = preSolution
		HideSolutionNode = FALSE
	EndGlobalSection
	GlobalSection(ExtensibilityGlobals) = postSolution
		SolutionGuid = {E1B9AED7-EA29-4052-AF47-4C46EB1DD784}
	EndGlobalSection
EndGlobal
